
Microsoft Visual Studio Solution File, Format Version 12.00
# Visual Studio Version 16
VisualStudioVersion = 16.0.32602.291
MinimumVisualStudioVersion = 10.0.40219.1
Project("{8BC9CEB8-8B4A-11D0-8D11-00A0C91BC942}") = "CppLib", "CppLib\CppLib.vcxproj", "{905C906E-8FE0-4338-A6C7-34A8D7195FC4}"
EndProject
Project("{2150E333-8FDC-42A3-9474-1A3956D46DE8}") = "Scratch", "Scratch", "{0BB7677E-3ED1-40D8-9FD9-09B8B26EDAC6}"
EndProject
Project("{8BC9CEB8-8B4A-11D0-8D11-00A0C91BC942}") = "ScratchA", "Scratch\ScratchA\ScratchA.vcxproj", "{D70D4FDF-7FF3-41B8-BD15-D91FC27D01B9}"
EndProject
Project("{8BC9CEB8-8B4A-11D0-8D11-00A0C91BC942}") = "ScratchB", "Scratch\ScratchB\ScratchB.vcxproj", "{78C0ECF7-3EEF-4DDA-AD0B-F0F48C31C365}"
EndProject
Project("{8BC9CEB8-8B4A-11D0-8D11-00A0C91BC942}") = "ScratchC", "Scratch\ScratchC\ScratchC.vcxproj", "{FEC3E3C9-FA07-41E2-BC66-4125D73E4F5A}"
EndProject
Project("{8BC9CEB8-8B4A-11D0-8D11-00A0C91BC942}") = "ScratchX", "Scratch\ScratchX\ScratchX.vcxproj", "{2F10C6C9-A438-42A7-90FC-B2CC4A1DEBAD}"
EndProject
Project("{8BC9CEB8-8B4A-11D0-8D11-00A0C91BC942}") = "ScratchY", "Scratch\ScratchY\ScratchY.vcxproj", "{3928CB73-5F19-4DDB-961F-14F66893A161}"
EndProject
Project("{8BC9CEB8-8B4A-11D0-8D11-00A0C91BC942}") = "ScratchZ", "Scratch\ScratchZ\ScratchZ.vcxproj", "{283886B1-1912-4CDD-95F2-0BADB4EDAF1F}"
EndProject
Project("{8BC9CEB8-8B4A-11D0-8D11-00A0C91BC942}") = "Playyard1", "Scratch\Playyard1\Playyard1.vcxproj", "{8CCC8AD9-CDF6-4A3C-9D86-A30611D5DCEE}"
EndProject
Project("{8BC9CEB8-8B4A-11D0-8D11-00A0C91BC942}") = "Playyard2", "Scratch\Playyard2\Playyard2.vcxproj", "{F9455AAE-4176-4AD4-9E47-086301B8E56A}"
EndProject
Project("{8BC9CEB8-8B4A-11D0-8D11-00A0C91BC942}") = "Playyard3", "Scratch\Playyard3\Playyard3.vcxproj", "{E4302DE5-677F-4073-81D0-432C2D145678}"
EndProject
Project("{2150E333-8FDC-42A3-9474-1A3956D46DE8}") = "CppLib", "CppLib", "{0AF56E98-69C7-4427-BCD5-25A7D8F2F646}"
EndProject
Global
	GlobalSection(SolutionConfigurationPlatforms) = preSolution
		Debug|Any CPU = Debug|Any CPU
		Debug|x64 = Debug|x64
		Debug|x86 = Debug|x86
		Release|Any CPU = Release|Any CPU
		Release|x64 = Release|x64
		Release|x86 = Release|x86
	EndGlobalSection
	GlobalSection(ProjectConfigurationPlatforms) = postSolution
		{905C906E-8FE0-4338-A6C7-34A8D7195FC4}.Debug|Any CPU.ActiveCfg = Debug|Win32
		{905C906E-8FE0-4338-A6C7-34A8D7195FC4}.Debug|x64.ActiveCfg = Debug|x64
		{905C906E-8FE0-4338-A6C7-34A8D7195FC4}.Debug|x64.Build.0 = Debug|x64
		{905C906E-8FE0-4338-A6C7-34A8D7195FC4}.Debug|x86.ActiveCfg = Debug|Win32
		{905C906E-8FE0-4338-A6C7-34A8D7195FC4}.Debug|x86.Build.0 = Debug|Win32
		{905C906E-8FE0-4338-A6C7-34A8D7195FC4}.Release|Any CPU.ActiveCfg = Release|Win32
		{905C906E-8FE0-4338-A6C7-34A8D7195FC4}.Release|x64.ActiveCfg = Release|x64
		{905C906E-8FE0-4338-A6C7-34A8D7195FC4}.Release|x64.Build.0 = Release|x64
		{905C906E-8FE0-4338-A6C7-34A8D7195FC4}.Release|x86.ActiveCfg = Release|Win32
		{905C906E-8FE0-4338-A6C7-34A8D7195FC4}.Release|x86.Build.0 = Release|Win32
		{D70D4FDF-7FF3-41B8-BD15-D91FC27D01B9}.Debug|Any CPU.ActiveCfg = Debug|Win32
		{D70D4FDF-7FF3-41B8-BD15-D91FC27D01B9}.Debug|x64.ActiveCfg = Debug|x64
		{D70D4FDF-7FF3-41B8-BD15-D91FC27D01B9}.Debug|x64.Build.0 = Debug|x64
		{D70D4FDF-7FF3-41B8-BD15-D91FC27D01B9}.Debug|x64.Deploy.0 = Debug|x64
		{D70D4FDF-7FF3-41B8-BD15-D91FC27D01B9}.Debug|x86.ActiveCfg = Debug|Win32
		{D70D4FDF-7FF3-41B8-BD15-D91FC27D01B9}.Debug|x86.Build.0 = Debug|Win32
		{D70D4FDF-7FF3-41B8-BD15-D91FC27D01B9}.Debug|x86.Deploy.0 = Debug|Win32
		{D70D4FDF-7FF3-41B8-BD15-D91FC27D01B9}.Release|Any CPU.ActiveCfg = Release|Win32
		{D70D4FDF-7FF3-41B8-BD15-D91FC27D01B9}.Release|x64.ActiveCfg = Release|x64
		{D70D4FDF-7FF3-41B8-BD15-D91FC27D01B9}.Release|x64.Build.0 = Release|x64
		{D70D4FDF-7FF3-41B8-BD15-D91FC27D01B9}.Release|x64.Deploy.0 = Release|x64
		{D70D4FDF-7FF3-41B8-BD15-D91FC27D01B9}.Release|x86.ActiveCfg = Release|Win32
		{D70D4FDF-7FF3-41B8-BD15-D91FC27D01B9}.Release|x86.Build.0 = Release|Win32
		{D70D4FDF-7FF3-41B8-BD15-D91FC27D01B9}.Release|x86.Deploy.0 = Release|Win32
		{78C0ECF7-3EEF-4DDA-AD0B-F0F48C31C365}.Debug|Any CPU.ActiveCfg = Debug|Win32
		{78C0ECF7-3EEF-4DDA-AD0B-F0F48C31C365}.Debug|x64.ActiveCfg = Debug|x64
		{78C0ECF7-3EEF-4DDA-AD0B-F0F48C31C365}.Debug|x64.Build.0 = Debug|x64
		{78C0ECF7-3EEF-4DDA-AD0B-F0F48C31C365}.Debug|x64.Deploy.0 = Debug|x64
		{78C0ECF7-3EEF-4DDA-AD0B-F0F48C31C365}.Debug|x86.ActiveCfg = Debug|Win32
		{78C0ECF7-3EEF-4DDA-AD0B-F0F48C31C365}.Debug|x86.Build.0 = Debug|Win32
		{78C0ECF7-3EEF-4DDA-AD0B-F0F48C31C365}.Debug|x86.Deploy.0 = Debug|Win32
		{78C0ECF7-3EEF-4DDA-AD0B-F0F48C31C365}.Release|Any CPU.ActiveCfg = Release|Win32
		{78C0ECF7-3EEF-4DDA-AD0B-F0F48C31C365}.Release|x64.ActiveCfg = Release|x64
		{78C0ECF7-3EEF-4DDA-AD0B-F0F48C31C365}.Release|x64.Build.0 = Release|x64
		{78C0ECF7-3EEF-4DDA-AD0B-F0F48C31C365}.Release|x64.Deploy.0 = Release|x64
		{78C0ECF7-3EEF-4DDA-AD0B-F0F48C31C365}.Release|x86.ActiveCfg = Release|Win32
		{78C0ECF7-3EEF-4DDA-AD0B-F0F48C31C365}.Release|x86.Build.0 = Release|Win32
		{78C0ECF7-3EEF-4DDA-AD0B-F0F48C31C365}.Release|x86.Deploy.0 = Release|Win32
		{FEC3E3C9-FA07-41E2-BC66-4125D73E4F5A}.Debug|Any CPU.ActiveCfg = Debug|Win32
		{FEC3E3C9-FA07-41E2-BC66-4125D73E4F5A}.Debug|x64.ActiveCfg = Debug|x64
		{FEC3E3C9-FA07-41E2-BC66-4125D73E4F5A}.Debug|x64.Build.0 = Debug|x64
		{FEC3E3C9-FA07-41E2-BC66-4125D73E4F5A}.Debug|x64.Deploy.0 = Debug|x64
		{FEC3E3C9-FA07-41E2-BC66-4125D73E4F5A}.Debug|x86.ActiveCfg = Debug|Win32
		{FEC3E3C9-FA07-41E2-BC66-4125D73E4F5A}.Debug|x86.Build.0 = Debug|Win32
		{FEC3E3C9-FA07-41E2-BC66-4125D73E4F5A}.Debug|x86.Deploy.0 = Debug|Win32
		{FEC3E3C9-FA07-41E2-BC66-4125D73E4F5A}.Release|Any CPU.ActiveCfg = Release|Win32
		{FEC3E3C9-FA07-41E2-BC66-4125D73E4F5A}.Release|x64.ActiveCfg = Release|x64
		{FEC3E3C9-FA07-41E2-BC66-4125D73E4F5A}.Release|x64.Build.0 = Release|x64
		{FEC3E3C9-FA07-41E2-BC66-4125D73E4F5A}.Release|x64.Deploy.0 = Release|x64
		{FEC3E3C9-FA07-41E2-BC66-4125D73E4F5A}.Release|x86.ActiveCfg = Release|Win32
		{FEC3E3C9-FA07-41E2-BC66-4125D73E4F5A}.Release|x86.Build.0 = Release|Win32
		{FEC3E3C9-FA07-41E2-BC66-4125D73E4F5A}.Release|x86.Deploy.0 = Release|Win32
		{2F10C6C9-A438-42A7-90FC-B2CC4A1DEBAD}.Debug|Any CPU.ActiveCfg = Debug|Win32
		{2F10C6C9-A438-42A7-90FC-B2CC4A1DEBAD}.Debug|x64.ActiveCfg = Debug|x64
		{2F10C6C9-A438-42A7-90FC-B2CC4A1DEBAD}.Debug|x64.Build.0 = Debug|x64
		{2F10C6C9-A438-42A7-90FC-B2CC4A1DEBAD}.Debug|x64.Deploy.0 = Debug|x64
		{2F10C6C9-A438-42A7-90FC-B2CC4A1DEBAD}.Debug|x86.ActiveCfg = Debug|Win32
		{2F10C6C9-A438-42A7-90FC-B2CC4A1DEBAD}.Debug|x86.Build.0 = Debug|Win32
		{2F10C6C9-A438-42A7-90FC-B2CC4A1DEBAD}.Debug|x86.Deploy.0 = Debug|Win32
		{2F10C6C9-A438-42A7-90FC-B2CC4A1DEBAD}.Release|Any CPU.ActiveCfg = Release|Win32
		{2F10C6C9-A438-42A7-90FC-B2CC4A1DEBAD}.Release|x64.ActiveCfg = Release|x64
		{2F10C6C9-A438-42A7-90FC-B2CC4A1DEBAD}.Release|x64.Build.0 = Release|x64
		{2F10C6C9-A438-42A7-90FC-B2CC4A1DEBAD}.Release|x64.Deploy.0 = Release|x64
		{2F10C6C9-A438-42A7-90FC-B2CC4A1DEBAD}.Release|x86.ActiveCfg = Release|Win32
		{2F10C6C9-A438-42A7-90FC-B2CC4A1DEBAD}.Release|x86.Build.0 = Release|Win32
		{2F10C6C9-A438-42A7-90FC-B2CC4A1DEBAD}.Release|x86.Deploy.0 = Release|Win32
		{3928CB73-5F19-4DDB-961F-14F66893A161}.Debug|Any CPU.ActiveCfg = Debug|Win32
		{3928CB73-5F19-4DDB-961F-14F66893A161}.Debug|x64.ActiveCfg = Debug|x64
		{3928CB73-5F19-4DDB-961F-14F66893A161}.Debug|x64.Build.0 = Debug|x64
		{3928CB73-5F19-4DDB-961F-14F66893A161}.Debug|x64.Deploy.0 = Debug|x64
		{3928CB73-5F19-4DDB-961F-14F66893A161}.Debug|x86.ActiveCfg = Debug|Win32
		{3928CB73-5F19-4DDB-961F-14F66893A161}.Debug|x86.Build.0 = Debug|Win32
		{3928CB73-5F19-4DDB-961F-14F66893A161}.Debug|x86.Deploy.0 = Debug|Win32
		{3928CB73-5F19-4DDB-961F-14F66893A161}.Release|Any CPU.ActiveCfg = Release|Win32
		{3928CB73-5F19-4DDB-961F-14F66893A161}.Release|x64.ActiveCfg = Release|x64
		{3928CB73-5F19-4DDB-961F-14F66893A161}.Release|x64.Build.0 = Release|x64
		{3928CB73-5F19-4DDB-961F-14F66893A161}.Release|x64.Deploy.0 = Release|x64
		{3928CB73-5F19-4DDB-961F-14F66893A161}.Release|x86.ActiveCfg = Release|Win32
		{3928CB73-5F19-4DDB-961F-14F66893A161}.Release|x86.Build.0 = Release|Win32
		{3928CB73-5F19-4DDB-961F-14F66893A161}.Release|x86.Deploy.0 = Release|Win32
		{283886B1-1912-4CDD-95F2-0BADB4EDAF1F}.Debug|Any CPU.ActiveCfg = Debug|Win32
		{283886B1-1912-4CDD-95F2-0BADB4EDAF1F}.Debug|x64.ActiveCfg = Debug|x64
		{283886B1-1912-4CDD-95F2-0BADB4EDAF1F}.Debug|x64.Build.0 = Debug|x64
		{283886B1-1912-4CDD-95F2-0BADB4EDAF1F}.Debug|x64.Deploy.0 = Debug|x64
		{283886B1-1912-4CDD-95F2-0BADB4EDAF1F}.Debug|x86.ActiveCfg = Debug|Win32
		{283886B1-1912-4CDD-95F2-0BADB4EDAF1F}.Debug|x86.Build.0 = Debug|Win32
		{283886B1-1912-4CDD-95F2-0BADB4EDAF1F}.Debug|x86.Deploy.0 = Debug|Win32
		{283886B1-1912-4CDD-95F2-0BADB4EDAF1F}.Release|Any CPU.ActiveCfg = Release|Win32
		{283886B1-1912-4CDD-95F2-0BADB4EDAF1F}.Release|x64.ActiveCfg = Release|x64
		{283886B1-1912-4CDD-95F2-0BADB4EDAF1F}.Release|x64.Build.0 = Release|x64
		{283886B1-1912-4CDD-95F2-0BADB4EDAF1F}.Release|x64.Deploy.0 = Release|x64
		{283886B1-1912-4CDD-95F2-0BADB4EDAF1F}.Release|x86.ActiveCfg = Release|Win32
		{283886B1-1912-4CDD-95F2-0BADB4EDAF1F}.Release|x86.Build.0 = Release|Win32
		{283886B1-1912-4CDD-95F2-0BADB4EDAF1F}.Release|x86.Deploy.0 = Release|Win32
		{8CCC8AD9-CDF6-4A3C-9D86-A30611D5DCEE}.Debug|Any CPU.ActiveCfg = Debug|Win32
		{8CCC8AD9-CDF6-4A3C-9D86-A30611D5DCEE}.Debug|x64.ActiveCfg = Debug|x64
		{8CCC8AD9-CDF6-4A3C-9D86-A30611D5DCEE}.Debug|x64.Build.0 = Debug|x64
		{8CCC8AD9-CDF6-4A3C-9D86-A30611D5DCEE}.Debug|x86.ActiveCfg = Debug|Win32
		{8CCC8AD9-CDF6-4A3C-9D86-A30611D5DCEE}.Debug|x86.Build.0 = Debug|Win32
		{8CCC8AD9-CDF6-4A3C-9D86-A30611D5DCEE}.Release|Any CPU.ActiveCfg = Release|Win32
		{8CCC8AD9-CDF6-4A3C-9D86-A30611D5DCEE}.Release|x64.ActiveCfg = Release|x64
		{8CCC8AD9-CDF6-4A3C-9D86-A30611D5DCEE}.Release|x64.Build.0 = Release|x64
		{8CCC8AD9-CDF6-4A3C-9D86-A30611D5DCEE}.Release|x86.ActiveCfg = Release|Win32
		{8CCC8AD9-CDF6-4A3C-9D86-A30611D5DCEE}.Release|x86.Build.0 = Release|Win32
		{F9455AAE-4176-4AD4-9E47-086301B8E56A}.Debug|Any CPU.ActiveCfg = Debug|Win32
		{F9455AAE-4176-4AD4-9E47-086301B8E56A}.Debug|x64.ActiveCfg = Debug|x64
		{F9455AAE-4176-4AD4-9E47-086301B8E56A}.Debug|x64.Build.0 = Debug|x64
		{F9455AAE-4176-4AD4-9E47-086301B8E56A}.Debug|x86.ActiveCfg = Debug|Win32
		{F9455AAE-4176-4AD4-9E47-086301B8E56A}.Debug|x86.Build.0 = Debug|Win32
		{F9455AAE-4176-4AD4-9E47-086301B8E56A}.Release|Any CPU.ActiveCfg = Release|Win32
		{F9455AAE-4176-4AD4-9E47-086301B8E56A}.Release|x64.ActiveCfg = Release|x64
		{F9455AAE-4176-4AD4-9E47-086301B8E56A}.Release|x64.Build.0 = Release|x64
		{F9455AAE-4176-4AD4-9E47-086301B8E56A}.Release|x86.ActiveCfg = Release|Win32
		{F9455AAE-4176-4AD4-9E47-086301B8E56A}.Release|x86.Build.0 = Release|Win32
		{E4302DE5-677F-4073-81D0-432C2D145678}.Debug|Any CPU.ActiveCfg = Debug|Win32
		{E4302DE5-677F-4073-81D0-432C2D145678}.Debug|x64.ActiveCfg = Debug|x64
		{E4302DE5-677F-4073-81D0-432C2D145678}.Debug|x64.Build.0 = Debug|x64
		{E4302DE5-677F-4073-81D0-432C2D145678}.Debug|x86.ActiveCfg = Debug|Win32
		{E4302DE5-677F-4073-81D0-432C2D145678}.Debug|x86.Build.0 = Debug|Win32
		{E4302DE5-677F-4073-81D0-432C2D145678}.Release|Any CPU.ActiveCfg = Release|Win32
		{E4302DE5-677F-4073-81D0-432C2D145678}.Release|x64.ActiveCfg = Release|x64
		{E4302DE5-677F-4073-81D0-432C2D145678}.Release|x64.Build.0 = Release|x64
		{E4302DE5-677F-4073-81D0-432C2D145678}.Release|x86.ActiveCfg = Release|Win32
		{E4302DE5-677F-4073-81D0-432C2D145678}.Release|x86.Build.0 = Release|Win32
	EndGlobalSection
	GlobalSection(SolutionProperties) = preSolution
		HideSolutionNode = FALSE
	EndGlobalSection
	GlobalSection(NestedProjects) = preSolution
		{905C906E-8FE0-4338-A6C7-34A8D7195FC4} = {0AF56E98-69C7-4427-BCD5-25A7D8F2F646}
		{D70D4FDF-7FF3-41B8-BD15-D91FC27D01B9} = {0BB7677E-3ED1-40D8-9FD9-09B8B26EDAC6}
		{78C0ECF7-3EEF-4DDA-AD0B-F0F48C31C365} = {0BB7677E-3ED1-40D8-9FD9-09B8B26EDAC6}
		{FEC3E3C9-FA07-41E2-BC66-4125D73E4F5A} = {0BB7677E-3ED1-40D8-9FD9-09B8B26EDAC6}
		{2F10C6C9-A438-42A7-90FC-B2CC4A1DEBAD} = {0BB7677E-3ED1-40D8-9FD9-09B8B26EDAC6}
		{3928CB73-5F19-4DDB-961F-14F66893A161} = {0BB7677E-3ED1-40D8-9FD9-09B8B26EDAC6}
		{283886B1-1912-4CDD-95F2-0BADB4EDAF1F} = {0BB7677E-3ED1-40D8-9FD9-09B8B26EDAC6}
		{8CCC8AD9-CDF6-4A3C-9D86-A30611D5DCEE} = {0BB7677E-3ED1-40D8-9FD9-09B8B26EDAC6}
		{F9455AAE-4176-4AD4-9E47-086301B8E56A} = {0BB7677E-3ED1-40D8-9FD9-09B8B26EDAC6}
		{E4302DE5-677F-4073-81D0-432C2D145678} = {0BB7677E-3ED1-40D8-9FD9-09B8B26EDAC6}
	EndGlobalSection
	GlobalSection(ExtensibilityGlobals) = postSolution
		SolutionGuid = {2D95282B-ACBE-4291-94FE-94A933E938E4}
	EndGlobalSection
EndGlobal
